// !$*UTF8*$!
{
	archiveVersion = 1;
	classes = {
	};
	objectVersion = 55;
	objects = {

/* Begin PBXBuildFile section */
		51D7EE01BF7690C353BC872A /* Pods_Firechat.framework in Frameworks */ = {isa = PBXBuildFile; fileRef = C6D5482D4514AC7A33B01285 /* Pods_Firechat.framework */; };
		FB6969C727FA39DC008A8536 /* AppDelegate.swift in Sources */ = {isa = PBXBuildFile; fileRef = FB6969C627FA39DC008A8536 /* AppDelegate.swift */; };
		FB6969C927FA39DC008A8536 /* SceneDelegate.swift in Sources */ = {isa = PBXBuildFile; fileRef = FB6969C827FA39DC008A8536 /* SceneDelegate.swift */; };
		FB6969CB27FA39DC008A8536 /* WelcomeViewController.swift in Sources */ = {isa = PBXBuildFile; fileRef = FB6969CA27FA39DC008A8536 /* WelcomeViewController.swift */; };
		FB6969CE27FA39DC008A8536 /* Main.storyboard in Resources */ = {isa = PBXBuildFile; fileRef = FB6969CC27FA39DC008A8536 /* Main.storyboard */; };
		FB6969D027FA39DD008A8536 /* Assets.xcassets in Resources */ = {isa = PBXBuildFile; fileRef = FB6969CF27FA39DD008A8536 /* Assets.xcassets */; };
		FB6969D327FA39DD008A8536 /* LaunchScreen.storyboard in Resources */ = {isa = PBXBuildFile; fileRef = FB6969D127FA39DD008A8536 /* LaunchScreen.storyboard */; };
		FB6969DE27FA3A9E008A8536 /* RegisterViewController.swift in Sources */ = {isa = PBXBuildFile; fileRef = FB6969DD27FA3A9E008A8536 /* RegisterViewController.swift */; };
		FB6969E027FA3AAC008A8536 /* LoginViewController.swift in Sources */ = {isa = PBXBuildFile; fileRef = FB6969DF27FA3AAC008A8536 /* LoginViewController.swift */; };
		FB6969E227FA3AB8008A8536 /* ChatViewController.swift in Sources */ = {isa = PBXBuildFile; fileRef = FB6969E127FA3AB8008A8536 /* ChatViewController.swift */; };
		FB6969E427FA41A7008A8536 /* Constants.swift in Sources */ = {isa = PBXBuildFile; fileRef = FB6969E327FA41A7008A8536 /* Constants.swift */; };
		FB6969E627FA4305008A8536 /* GoogleService-Info.plist in Resources */ = {isa = PBXBuildFile; fileRef = FB6969E527FA4305008A8536 /* GoogleService-Info.plist */; };
/* End PBXBuildFile section */

/* Begin PBXFileReference section */
		196A6A21FFC7FCF7ED005D6F /* Pods-Firechat.release.xcconfig */ = {isa = PBXFileReference; includeInIndex = 1; lastKnownFileType = text.xcconfig; name = "Pods-Firechat.release.xcconfig"; path = "Target Support Files/Pods-Firechat/Pods-Firechat.release.xcconfig"; sourceTree = "<group>"; };
		C6D5482D4514AC7A33B01285 /* Pods_Firechat.framework */ = {isa = PBXFileReference; explicitFileType = wrapper.framework; includeInIndex = 0; path = Pods_Firechat.framework; sourceTree = BUILT_PRODUCTS_DIR; };
		C8646A8DACB4F323D207A607 /* Pods-Firechat.debug.xcconfig */ = {isa = PBXFileReference; includeInIndex = 1; lastKnownFileType = text.xcconfig; name = "Pods-Firechat.debug.xcconfig"; path = "Target Support Files/Pods-Firechat/Pods-Firechat.debug.xcconfig"; sourceTree = "<group>"; };
		FB6969C327FA39DC008A8536 /* Firechat.app */ = {isa = PBXFileReference; explicitFileType = wrapper.application; includeInIndex = 0; path = Firechat.app; sourceTree = BUILT_PRODUCTS_DIR; };
		FB6969C627FA39DC008A8536 /* AppDelegate.swift */ = {isa = PBXFileReference; lastKnownFileType = sourcecode.swift; path = AppDelegate.swift; sourceTree = "<group>"; };
		FB6969C827FA39DC008A8536 /* SceneDelegate.swift */ = {isa = PBXFileReference; lastKnownFileType = sourcecode.swift; path = SceneDelegate.swift; sourceTree = "<group>"; };
		FB6969CA27FA39DC008A8536 /* WelcomeViewController.swift */ = {isa = PBXFileReference; lastKnownFileType = sourcecode.swift; path = WelcomeViewController.swift; sourceTree = "<group>"; };
		FB6969CD27FA39DC008A8536 /* Base */ = {isa = PBXFileReference; lastKnownFileType = file.storyboard; name = Base; path = Base.lproj/Main.storyboard; sourceTree = "<group>"; };
		FB6969CF27FA39DD008A8536 /* Assets.xcassets */ = {isa = PBXFileReference; lastKnownFileType = folder.assetcatalog; path = Assets.xcassets; sourceTree = "<group>"; };
		FB6969D227FA39DD008A8536 /* Base */ = {isa = PBXFileReference; lastKnownFileType = file.storyboard; name = Base; path = Base.lproj/LaunchScreen.storyboard; sourceTree = "<group>"; };
		FB6969D427FA39DD008A8536 /* Info.plist */ = {isa = PBXFileReference; lastKnownFileType = text.plist.xml; path = Info.plist; sourceTree = "<group>"; };
		FB6969DD27FA3A9E008A8536 /* RegisterViewController.swift */ = {isa = PBXFileReference; lastKnownFileType = sourcecode.swift; path = RegisterViewController.swift; sourceTree = "<group>"; };
		FB6969DF27FA3AAC008A8536 /* LoginViewController.swift */ = {isa = PBXFileReference; lastKnownFileType = sourcecode.swift; path = LoginViewController.swift; sourceTree = "<group>"; };
		FB6969E127FA3AB8008A8536 /* ChatViewController.swift */ = {isa = PBXFileReference; lastKnownFileType = sourcecode.swift; path = ChatViewController.swift; sourceTree = "<group>"; };
		FB6969E327FA41A7008A8536 /* Constants.swift */ = {isa = PBXFileReference; lastKnownFileType = sourcecode.swift; path = Constants.swift; sourceTree = "<group>"; };
		FB6969E527FA4305008A8536 /* GoogleService-Info.plist */ = {isa = PBXFileReference; fileEncoding = 4; lastKnownFileType = text.plist.xml; name = "GoogleService-Info.plist"; path = "../../../../Downloads/GoogleService-Info.plist"; sourceTree = "<group>"; };
/* End PBXFileReference section */

/* Begin PBXFrameworksBuildPhase section */
		FB6969C027FA39DC008A8536 /* Frameworks */ = {
			isa = PBXFrameworksBuildPhase;
			buildActionMask = 2147483647;
			files = (
				51D7EE01BF7690C353BC872A /* Pods_Firechat.framework in Frameworks */,
			);
			runOnlyForDeploymentPostprocessing = 0;
		};
/* End PBXFrameworksBuildPhase section */

/* Begin PBXGroup section */
		0365406E28874A6D74AED73C /* Pods */ = {
			isa = PBXGroup;
			children = (
				C8646A8DACB4F323D207A607 /* Pods-Firechat.debug.xcconfig */,
				196A6A21FFC7FCF7ED005D6F /* Pods-Firechat.release.xcconfig */,
			);
			path = Pods;
			sourceTree = "<group>";
		};
		6C319E98BA40641885407676 /* Frameworks */ = {
			isa = PBXGroup;
			children = (
				C6D5482D4514AC7A33B01285 /* Pods_Firechat.framework */,
			);
			name = Frameworks;
			sourceTree = "<group>";
		};
		FB6969BA27FA39DC008A8536 = {
			isa = PBXGroup;
			children = (
				FB6969C527FA39DC008A8536 /* Firechat */,
				FB6969C427FA39DC008A8536 /* Products */,
				0365406E28874A6D74AED73C /* Pods */,
				6C319E98BA40641885407676 /* Frameworks */,
			);
			sourceTree = "<group>";
		};
		FB6969C427FA39DC008A8536 /* Products */ = {
			isa = PBXGroup;
			children = (
				FB6969C327FA39DC008A8536 /* Firechat.app */,
			);
			name = Products;
			sourceTree = "<group>";
		};
		FB6969C527FA39DC008A8536 /* Firechat */ = {
			isa = PBXGroup;
			children = (
				FB6969E527FA4305008A8536 /* GoogleService-Info.plist */,
				FB6969D427FA39DD008A8536 /* Info.plist */,
				FB6969C627FA39DC008A8536 /* AppDelegate.swift */,
				FB6969C827FA39DC008A8536 /* SceneDelegate.swift */,
				FB6969CF27FA39DD008A8536 /* Assets.xcassets */,
				FB6969D127FA39DD008A8536 /* LaunchScreen.storyboard */,
				FB6969E327FA41A7008A8536 /* Constants.swift */,
				FB6969DC27FA39EE008A8536 /* Controller */,
				FB6969DB27FA39E9008A8536 /* View */,
				FB6969DA27FA39E3008A8536 /* Model */,
			);
			path = Firechat;
			sourceTree = "<group>";
		};
		FB6969DA27FA39E3008A8536 /* Model */ = {
			isa = PBXGroup;
			children = (
			);
			path = Model;
			sourceTree = "<group>";
		};
		FB6969DB27FA39E9008A8536 /* View */ = {
			isa = PBXGroup;
			children = (
				FB6969CC27FA39DC008A8536 /* Main.storyboard */,
			);
			path = View;
			sourceTree = "<group>";
		};
		FB6969DC27FA39EE008A8536 /* Controller */ = {
			isa = PBXGroup;
			children = (
				FB6969CA27FA39DC008A8536 /* WelcomeViewController.swift */,
				FB6969DF27FA3AAC008A8536 /* LoginViewController.swift */,
				FB6969DD27FA3A9E008A8536 /* RegisterViewController.swift */,
				FB6969E127FA3AB8008A8536 /* ChatViewController.swift */,
			);
			path = Controller;
			sourceTree = "<group>";
		};
/* End PBXGroup section */

/* Begin PBXNativeTarget section */
		FB6969C227FA39DC008A8536 /* Firechat */ = {
			isa = PBXNativeTarget;
			buildConfigurationList = FB6969D727FA39DD008A8536 /* Build configuration list for PBXNativeTarget "Firechat" */;
			buildPhases = (
				824825A03849F969A40536E8 /* [CP] Check Pods Manifest.lock */,
				FB6969BF27FA39DC008A8536 /* Sources */,
				FB6969C027FA39DC008A8536 /* Frameworks */,
				FB6969C127FA39DC008A8536 /* Resources */,
				5BB683066AB36BD5DC3D085D /* [CP] Embed Pods Frameworks */,
			);
			buildRules = (
			);
			dependencies = (
			);
			name = Firechat;
			productName = Firechat;
			productReference = FB6969C327FA39DC008A8536 /* Firechat.app */;
			productType = "com.apple.product-type.application";
		};
/* End PBXNativeTarget section */

/* Begin PBXProject section */
		FB6969BB27FA39DC008A8536 /* Project object */ = {
			isa = PBXProject;
			attributes = {
				BuildIndependentTargetsInParallel = 1;
				LastSwiftUpdateCheck = 1320;
				LastUpgradeCheck = 1320;
				TargetAttributes = {
					FB6969C227FA39DC008A8536 = {
						CreatedOnToolsVersion = 13.2.1;
					};
				};
			};
			buildConfigurationList = FB6969BE27FA39DC008A8536 /* Build configuration list for PBXProject "Firechat" */;
			compatibilityVersion = "Xcode 13.0";
			developmentRegion = en;
			hasScannedForEncodings = 0;
			knownRegions = (
				en,
				Base,
			);
			mainGroup = FB6969BA27FA39DC008A8536;
			productRefGroup = FB6969C427FA39DC008A8536 /* Products */;
			projectDirPath = "";
			projectRoot = "";
			targets = (
				FB6969C227FA39DC008A8536 /* Firechat */,
			);
		};
/* End PBXProject section */

/* Begin PBXResourcesBuildPhase section */
		FB6969C127FA39DC008A8536 /* Resources */ = {
			isa = PBXResourcesBuildPhase;
			buildActionMask = 2147483647;
			files = (
				FB6969D327FA39DD008A8536 /* LaunchScreen.storyboard in Resources */,
				FB6969E627FA4305008A8536 /* GoogleService-Info.plist in Resources */,
				FB6969D027FA39DD008A8536 /* Assets.xcassets in Resources */,
				FB6969CE27FA39DC008A8536 /* Main.storyboard in Resources */,
			);
			runOnlyForDeploymentPostprocessing = 0;
		};
/* End PBXResourcesBuildPhase section */

/* Begin PBXShellScriptBuildPhase section */
		5BB683066AB36BD5DC3D085D /* [CP] Embed Pods Frameworks */ = {
			isa = PBXShellScriptBuildPhase;
			buildActionMask = 2147483647;
			files = (
			);
			inputFileListPaths = (
				"${PODS_ROOT}/Target Support Files/Pods-Firechat/Pods-Firechat-frameworks-${CONFIGURATION}-input-files.xcfilelist",
			);
			name = "[CP] Embed Pods Frameworks";
			outputFileListPaths = (
				"${PODS_ROOT}/Target Support Files/Pods-Firechat/Pods-Firechat-frameworks-${CONFIGURATION}-output-files.xcfilelist",
			);
			runOnlyForDeploymentPostprocessing = 0;
			shellPath = /bin/sh;
			shellScript = "\"${PODS_ROOT}/Target Support Files/Pods-Firechat/Pods-Firechat-frameworks.sh\"\n";
			showEnvVarsInLog = 0;
		};
		824825A03849F969A40536E8 /* [CP] Check Pods Manifest.lock */ = {
			isa = PBXShellScriptBuildPhase;
			buildActionMask = 2147483647;
			files = (
			);
			inputFileListPaths = (
			);
			inputPaths = (
				"${PODS_PODFILE_DIR_PATH}/Podfile.lock",
				"${PODS_ROOT}/Manifest.lock",
			);
			name = "[CP] Check Pods Manifest.lock";
			outputFileListPaths = (
			);
			outputPaths = (
				"$(DERIVED_FILE_DIR)/Pods-Firechat-checkManifestLockResult.txt",
			);
			runOnlyForDeploymentPostprocessing = 0;
			shellPath = /bin/sh;
			shellScript = "diff \"${PODS_PODFILE_DIR_PATH}/Podfile.lock\" \"${PODS_ROOT}/Manifest.lock\" > /dev/null\nif [ $? != 0 ] ; then\n    # print error to STDERR\n    echo \"error: The sandbox is not in sync with the Podfile.lock. Run 'pod install' or update your CocoaPods installation.\" >&2\n    exit 1\nfi\n# This output is used by Xcode 'outputs' to avoid re-running this script phase.\necho \"SUCCESS\" > \"${SCRIPT_OUTPUT_FILE_0}\"\n";
			showEnvVarsInLog = 0;
		};
/* End PBXShellScriptBuildPhase section */

/* Begin PBXSourcesBuildPhase section */
		FB6969BF27FA39DC008A8536 /* Sources */ = {
			isa = PBXSourcesBuildPhase;
			buildActionMask = 2147483647;
			files = (
				FB6969CB27FA39DC008A8536 /* WelcomeViewController.swift in Sources */,
				FB6969C727FA39DC008A8536 /* AppDelegate.swift in Sources */,
				FB6969C927FA39DC008A8536 /* SceneDelegate.swift in Sources */,
				FB6969E027FA3AAC008A8536 /* LoginViewController.swift in Sources */,
				FB6969E427FA41A7008A8536 /* Constants.swift in Sources */,
				FB6969E227FA3AB8008A8536 /* ChatViewController.swift in Sources */,
				FB6969DE27FA3A9E008A8536 /* RegisterViewController.swift in Sources */,
			);
			runOnlyForDeploymentPostprocessing = 0;
		};
/* End PBXSourcesBuildPhase section */

/* Begin PBXVariantGroup section */
		FB6969CC27FA39DC008A8536 /* Main.storyboard */ = {
			isa = PBXVariantGroup;
			children = (
				FB6969CD27FA39DC008A8536 /* Base */,
			);
			name = Main.storyboard;
			sourceTree = "<group>";
		};
		FB6969D127FA39DD008A8536 /* LaunchScreen.storyboard */ = {
			isa = PBXVariantGroup;
			children = (
				FB6969D227FA39DD008A8536 /* Base */,
			);
			name = LaunchScreen.storyboard;
			sourceTree = "<group>";
		};
/* End PBXVariantGroup section */

/* Begin XCBuildConfiguration section */
		FB6969D527FA39DD008A8536 /* Debug */ = {
			isa = XCBuildConfiguration;
			buildSettings = {
				ALWAYS_SEARCH_USER_PATHS = NO;
				CLANG_ANALYZER_NONNULL = YES;
				CLANG_ANALYZER_NUMBER_OBJECT_CONVERSION = YES_AGGRESSIVE;
				CLANG_CXX_LANGUAGE_STANDARD = "gnu++17";
				CLANG_CXX_LIBRARY = "libc++";
				CLANG_ENABLE_MODULES = YES;
				CLANG_ENABLE_OBJC_ARC = YES;
				CLANG_ENABLE_OBJC_WEAK = YES;
				CLANG_WARN_BLOCK_CAPTURE_AUTORELEASING = YES;
				CLANG_WARN_BOOL_CONVERSION = YES;
				CLANG_WARN_COMMA = YES;
				CLANG_WARN_CONSTANT_CONVERSION = YES;
				CLANG_WARN_DEPRECATED_OBJC_IMPLEMENTATIONS = YES;
				CLANG_WARN_DIRECT_OBJC_ISA_USAGE = YES_ERROR;
				CLANG_WARN_DOCUMENTATION_COMMENTS = YES;
				CLANG_WARN_EMPTY_BODY = YES;
				CLANG_WARN_ENUM_CONVERSION = YES;
				CLANG_WARN_INFINITE_RECURSION = YES;
				CLANG_WARN_INT_CONVERSION = YES;
				CLANG_WARN_NON_LITERAL_NULL_CONVERSION = YES;
				CLANG_WARN_OBJC_IMPLICIT_RETAIN_SELF = YES;
				CLANG_WARN_OBJC_LITERAL_CONVERSION = YES;
				CLANG_WARN_OBJC_ROOT_CLASS = YES_ERROR;
				CLANG_WARN_QUOTED_INCLUDE_IN_FRAMEWORK_HEADER = YES;
				CLANG_WARN_RANGE_LOOP_ANALYSIS = YES;
				CLANG_WARN_STRICT_PROTOTYPES = YES;
				CLANG_WARN_SUSPICIOUS_MOVE = YES;
				CLANG_WARN_UNGUARDED_AVAILABILITY = YES_AGGRESSIVE;
				CLANG_WARN_UNREACHABLE_CODE = YES;
				CLANG_WARN__DUPLICATE_METHOD_MATCH = YES;
				COPY_PHASE_STRIP = NO;
				DEBUG_INFORMATION_FORMAT = dwarf;
				ENABLE_STRICT_OBJC_MSGSEND = YES;
				ENABLE_TESTABILITY = YES;
				GCC_C_LANGUAGE_STANDARD = gnu11;
				GCC_DYNAMIC_NO_PIC = NO;
				GCC_NO_COMMON_BLOCKS = YES;
				GCC_OPTIMIZATION_LEVEL = 0;
				GCC_PREPROCESSOR_DEFINITIONS = (
					"DEBUG=1",
					"$(inherited)",
				);
				GCC_WARN_64_TO_32_BIT_CONVERSION = YES;
				GCC_WARN_ABOUT_RETURN_TYPE = YES_ERROR;
				GCC_WARN_UNDECLARED_SELECTOR = YES;
				GCC_WARN_UNINITIALIZED_AUTOS = YES_AGGRESSIVE;
				GCC_WARN_UNUSED_FUNCTION = YES;
				GCC_WARN_UNUSED_VARIABLE = YES;
				IPHONEOS_DEPLOYMENT_TARGET = 15.2;
				MTL_ENABLE_DEBUG_INFO = INCLUDE_SOURCE;
				MTL_FAST_MATH = YES;
				ONLY_ACTIVE_ARCH = YES;
				SDKROOT = iphoneos;
				SWIFT_ACTIVE_COMPILATION_CONDITIONS = DEBUG;
				SWIFT_OPTIMIZATION_LEVEL = "-Onone";
			};
			name = Debug;
		};
		FB6969D627FA39DD008A8536 /* Release */ = {
			isa = XCBuildConfiguration;
			buildSettings = {
				ALWAYS_SEARCH_USER_PATHS = NO;
				CLANG_ANALYZER_NONNULL = YES;
				CLANG_ANALYZER_NUMBER_OBJECT_CONVERSION = YES_AGGRESSIVE;
				CLANG_CXX_LANGUAGE_STANDARD = "gnu++17";
				CLANG_CXX_LIBRARY = "libc++";
				CLANG_ENABLE_MODULES = YES;
				CLANG_ENABLE_OBJC_ARC = YES;
				CLANG_ENABLE_OBJC_WEAK = YES;
				CLANG_WARN_BLOCK_CAPTURE_AUTORELEASING = YES;
				CLANG_WARN_BOOL_CONVERSION = YES;
				CLANG_WARN_COMMA = YES;
				CLANG_WARN_CONSTANT_CONVERSION = YES;
				CLANG_WARN_DEPRECATED_OBJC_IMPLEMENTATIONS = YES;
				CLANG_WARN_DIRECT_OBJC_ISA_USAGE = YES_ERROR;
				CLANG_WARN_DOCUMENTATION_COMMENTS = YES;
				CLANG_WARN_EMPTY_BODY = YES;
				CLANG_WARN_ENUM_CONVERSION = YES;
				CLANG_WARN_INFINITE_RECURSION = YES;
				CLANG_WARN_INT_CONVERSION = YES;
				CLANG_WARN_NON_LITERAL_NULL_CONVERSION = YES;
				CLANG_WARN_OBJC_IMPLICIT_RETAIN_SELF = YES;
				CLANG_WARN_OBJC_LITERAL_CONVERSION = YES;
				CLANG_WARN_OBJC_ROOT_CLASS = YES_ERROR;
				CLANG_WARN_QUOTED_INCLUDE_IN_FRAMEWORK_HEADER = YES;
				CLANG_WARN_RANGE_LOOP_ANALYSIS = YES;
				CLANG_WARN_STRICT_PROTOTYPES = YES;
				CLANG_WARN_SUSPICIOUS_MOVE = YES;
				CLANG_WARN_UNGUARDED_AVAILABILITY = YES_AGGRESSIVE;
				CLANG_WARN_UNREACHABLE_CODE = YES;
				CLANG_WARN__DUPLICATE_METHOD_MATCH = YES;
				COPY_PHASE_STRIP = NO;
				DEBUG_INFORMATION_FORMAT = "dwarf-with-dsym";
				ENABLE_NS_ASSERTIONS = NO;
				ENABLE_STRICT_OBJC_MSGSEND = YES;
				GCC_C_LANGUAGE_STANDARD = gnu11;
				GCC_NO_COMMON_BLOCKS = YES;
				GCC_WARN_64_TO_32_BIT_CONVERSION = YES;
				GCC_WARN_ABOUT_RETURN_TYPE = YES_ERROR;
				GCC_WARN_UNDECLARED_SELECTOR = YES;
				GCC_WARN_UNINITIALIZED_AUTOS = YES_AGGRESSIVE;
				GCC_WARN_UNUSED_FUNCTION = YES;
				GCC_WARN_UNUSED_VARIABLE = YES;
				IPHONEOS_DEPLOYMENT_TARGET = 15.2;
				MTL_ENABLE_DEBUG_INFO = NO;
				MTL_FAST_MATH = YES;
				SDKROOT = iphoneos;
				SWIFT_COMPILATION_MODE = wholemodule;
				SWIFT_OPTIMIZATION_LEVEL = "-O";
				VALIDATE_PRODUCT = YES;
			};
			name = Release;
		};
		FB6969D827FA39DD008A8536 /* Debug */ = {
			isa = XCBuildConfiguration;
			baseConfigurationReference = C8646A8DACB4F323D207A607 /* Pods-Firechat.debug.xcconfig */;
			buildSettings = {
				ASSETCATALOG_COMPILER_APPICON_NAME = AppIcon;
				ASSETCATALOG_COMPILER_GLOBAL_ACCENT_COLOR_NAME = AccentColor;
				CODE_SIGN_STYLE = Automatic;
				CURRENT_PROJECT_VERSION = 1;
				DEVELOPMENT_TEAM = 5239QLQND2;
				GENERATE_INFOPLIST_FILE = YES;
				INFOPLIST_FILE = Firechat/Info.plist;
				INFOPLIST_KEY_UIApplicationSupportsIndirectInputEvents = YES;
				INFOPLIST_KEY_UILaunchStoryboardName = LaunchScreen;
				INFOPLIST_KEY_UIMainStoryboardFile = Main;
				INFOPLIST_KEY_UISupportedInterfaceOrientations_iPad = "UIInterfaceOrientationPortrait UIInterfaceOrientationPortraitUpsideDown UIInterfaceOrientationLandscapeLeft UIInterfaceOrientationLandscapeRight";
				INFOPLIST_KEY_UISupportedInterfaceOrientations_iPhone = "UIInterfaceOrientationPortrait UIInterfaceOrientationLandscapeLeft UIInterfaceOrientationLandscapeRight";
				LD_RUNPATH_SEARCH_PATHS = (
					"$(inherited)",
					"@executable_path/Frameworks",
				);
				MARKETING_VERSION = 1.0;
				PRODUCT_BUNDLE_IDENTIFIER = com.nikitanesporov.bassport.Firechat;
				PRODUCT_NAME = "$(TARGET_NAME)";
				SWIFT_EMIT_LOC_STRINGS = YES;
				SWIFT_VERSION = 5.0;
				TARGETED_DEVICE_FAMILY = 1;
			};
			name = Debug;
		};
		FB6969D927FA39DD008A8536 /* Release */ = {
			isa = XCBuildConfiguration;
			baseConfigurationReference = 196A6A21FFC7FCF7ED005D6F /* Pods-Firechat.release.xcconfig */;
			buildSettings = {
				ASSETCATALOG_COMPILER_APPICON_NAME = AppIcon;
				ASSETCATALOG_COMPILER_GLOBAL_ACCENT_COLOR_NAME = AccentColor;
				CODE_SIGN_STYLE = Automatic;
				CURRENT_PROJECT_VERSION = 1;
				DEVELOPMENT_TEAM = 5239QLQND2;
				GENERATE_INFOPLIST_FILE = YES;
				INFOPLIST_FILE = Firechat/Info.plist;
				INFOPLIST_KEY_UIApplicationSupportsIndirectInputEvents = YES;
				INFOPLIST_KEY_UILaunchStoryboardName = LaunchScreen;
				INFOPLIST_KEY_UIMainStoryboardFile = Main;
				INFOPLIST_KEY_UISupportedInterfaceOrientations_iPad = "UIInterfaceOrientationPortrait UIInterfaceOrientationPortraitUpsideDown UIInterfaceOrientationLandscapeLeft UIInterfaceOrientationLandscapeRight";
				INFOPLIST_KEY_UISupportedInterfaceOrientations_iPhone = "UIInterfaceOrientationPortrait UIInterfaceOrientationLandscapeLeft UIInterfaceOrientationLandscapeRight";
				LD_RUNPATH_SEARCH_PATHS = (
					"$(inherited)",
					"@executable_path/Frameworks",
				);
				MARKETING_VERSION = 1.0;
				PRODUCT_BUNDLE_IDENTIFIER = com.nikitanesporov.bassport.Firechat;
				PRODUCT_NAME = "$(TARGET_NAME)";
				SWIFT_EMIT_LOC_STRINGS = YES;
				SWIFT_VERSION = 5.0;
				TARGETED_DEVICE_FAMILY = 1;
			};
			name = Release;
		};
/* End XCBuildConfiguration section */

/* Begin XCConfigurationList section */
		FB6969BE27FA39DC008A8536 /* Build configuration list for PBXProject "Firechat" */ = {
			isa = XCConfigurationList;
			buildConfigurations = (
				FB6969D527FA39DD008A8536 /* Debug */,
				FB6969D627FA39DD008A8536 /* Release */,
			);
			defaultConfigurationIsVisible = 0;
			defaultConfigurationName = Release;
		};
		FB6969D727FA39DD008A8536 /* Build configuration list for PBXNativeTarget "Firechat" */ = {
			isa = XCConfigurationList;
			buildConfigurations = (
				FB6969D827FA39DD008A8536 /* Debug */,
				FB6969D927FA39DD008A8536 /* Release */,
			);
			defaultConfigurationIsVisible = 0;
			defaultConfigurationName = Release;
		};
/* End XCConfigurationList section */
	};
	rootObject = FB6969BB27FA39DC008A8536 /* Project object */;
}
